# This file is generated by running "yarn install" inside your project.
# Manual changes might be lost - proceed with caution!

__metadata:
  version: 8
  cacheKey: 10c0

"argparse@npm:^2.0.1":
  version: 2.0.1
  resolution: "argparse@npm:2.0.1"
  checksum: c5640c2d89045371c7cedd6a70212a04e360fd34d6edeae32f6952c63949e3525ea77dbec0289d8213a99bbaeab5abfa860b5c12cf88a2e6cf8106e90dd27a7e
  languageName: node
  linkType: hard

"commander@npm:^11.1.0":
  version: 11.1.0
  resolution: "commander@npm:11.1.0"
  checksum: 13cc6ac875e48780250f723fb81c1c1178d35c5decb1abb1b628b3177af08a8554e76b2c0f29de72d69eef7c864d12613272a71fabef8047922bc622ab75a179
  languageName: node
  linkType: hard

"js-yaml@npm:^4.1.0":
  version: 4.1.0
  resolution: "js-yaml@npm:4.1.0"
  dependencies:
    argparse: "npm:^2.0.1"
  bin:
    js-yaml: bin/js-yaml.js
  checksum: 184a24b4eaacfce40ad9074c64fd42ac83cf74d8c8cd137718d456ced75051229e5061b8633c3366b8aada17945a7a356b337828c19da92b51ae62126575018f
  languageName: node
  linkType: hard

"yarn-update-indirect@workspace:.":
  version: 0.0.0-use.local
  resolution: "yarn-update-indirect@workspace:."
  dependencies:
    commander: "npm:^11.1.0"
    js-yaml: "npm:^4.1.0"
  bin:
    yarn-update-indirect: ./index.js
  languageName: unknown
  linkType: soft
